// !$*UTF8*$!
{
	archiveVersion = 1;
	classes = {
	};
	objectVersion = 51;
	objects = {

/* Begin PBXBuildFile section */
		766A17FD2BD043ADC513B9FD /* Pods_Calculette_solde.framework in Frameworks */ = {isa = PBXBuildFile; fileRef = BD5A31A657C151D759867E81 /* Pods_Calculette_solde.framework */; };
		BEA674B62486EDEB00EC99B2 /* CustomCollectionViewCell.swift in Sources */ = {isa = PBXBuildFile; fileRef = BEA674B52486EDEB00EC99B2 /* CustomCollectionViewCell.swift */; };
		BEA76CB624812F0B000244BA /* AppDelegate.swift in Sources */ = {isa = PBXBuildFile; fileRef = BEA76CB524812F0B000244BA /* AppDelegate.swift */; };
		BEA76CB824812F0B000244BA /* SceneDelegate.swift in Sources */ = {isa = PBXBuildFile; fileRef = BEA76CB724812F0B000244BA /* SceneDelegate.swift */; };
		BEA76CBA24812F0B000244BA /* ViewController.swift in Sources */ = {isa = PBXBuildFile; fileRef = BEA76CB924812F0B000244BA /* ViewController.swift */; };
		BEA76CBD24812F0B000244BA /* Main.storyboard in Resources */ = {isa = PBXBuildFile; fileRef = BEA76CBB24812F0B000244BA /* Main.storyboard */; };
		BEA76CBF24812F13000244BA /* Assets.xcassets in Resources */ = {isa = PBXBuildFile; fileRef = BEA76CBE24812F13000244BA /* Assets.xcassets */; };
		BEA76CC224812F13000244BA /* LaunchScreen.storyboard in Resources */ = {isa = PBXBuildFile; fileRef = BEA76CC024812F13000244BA /* LaunchScreen.storyboard */; };
/* End PBXBuildFile section */

/* Begin PBXFileReference section */
		1AAD6ED7263979C3C7C61B3E /* Pods-Calculette solde.release.xcconfig */ = {isa = PBXFileReference; includeInIndex = 1; lastKnownFileType = text.xcconfig; name = "Pods-Calculette solde.release.xcconfig"; path = "Target Support Files/Pods-Calculette solde/Pods-Calculette solde.release.xcconfig"; sourceTree = "<group>"; };
		9B6977597489A134979A52ED /* Pods-Calculette solde.debug.xcconfig */ = {isa = PBXFileReference; includeInIndex = 1; lastKnownFileType = text.xcconfig; name = "Pods-Calculette solde.debug.xcconfig"; path = "Target Support Files/Pods-Calculette solde/Pods-Calculette solde.debug.xcconfig"; sourceTree = "<group>"; };
		BD5A31A657C151D759867E81 /* Pods_Calculette_solde.framework */ = {isa = PBXFileReference; explicitFileType = wrapper.framework; includeInIndex = 0; path = Pods_Calculette_solde.framework; sourceTree = BUILT_PRODUCTS_DIR; };
		BEA674B52486EDEB00EC99B2 /* CustomCollectionViewCell.swift */ = {isa = PBXFileReference; lastKnownFileType = sourcecode.swift; path = CustomCollectionViewCell.swift; sourceTree = "<group>"; };
		BEA76CB224812F0B000244BA /* Calculette solde.app */ = {isa = PBXFileReference; explicitFileType = wrapper.application; includeInIndex = 0; path = "Calculette solde.app"; sourceTree = BUILT_PRODUCTS_DIR; };
		BEA76CB524812F0B000244BA /* AppDelegate.swift */ = {isa = PBXFileReference; lastKnownFileType = sourcecode.swift; path = AppDelegate.swift; sourceTree = "<group>"; };
		BEA76CB724812F0B000244BA /* SceneDelegate.swift */ = {isa = PBXFileReference; lastKnownFileType = sourcecode.swift; path = SceneDelegate.swift; sourceTree = "<group>"; };
		BEA76CB924812F0B000244BA /* ViewController.swift */ = {isa = PBXFileReference; lastKnownFileType = sourcecode.swift; path = ViewController.swift; sourceTree = "<group>"; };
		BEA76CBC24812F0B000244BA /* Base */ = {isa = PBXFileReference; lastKnownFileType = file.storyboard; name = Base; path = Base.lproj/Main.storyboard; sourceTree = "<group>"; };
		BEA76CBE24812F13000244BA /* Assets.xcassets */ = {isa = PBXFileReference; lastKnownFileType = folder.assetcatalog; path = Assets.xcassets; sourceTree = "<group>"; };
		BEA76CC124812F13000244BA /* Base */ = {isa = PBXFileReference; lastKnownFileType = file.storyboard; name = Base; path = Base.lproj/LaunchScreen.storyboard; sourceTree = "<group>"; };
		BEA76CC324812F13000244BA /* Info.plist */ = {isa = PBXFileReference; lastKnownFileType = text.plist.xml; path = Info.plist; sourceTree = "<group>"; };
/* End PBXFileReference section */

/* Begin PBXFrameworksBuildPhase section */
		BEA76CAF24812F0B000244BA /* Frameworks */ = {
			isa = PBXFrameworksBuildPhase;
			buildActionMask = 2147483647;
			files = (
				766A17FD2BD043ADC513B9FD /* Pods_Calculette_solde.framework in Frameworks */,
			);
			runOnlyForDeploymentPostprocessing = 0;
		};
/* End PBXFrameworksBuildPhase section */

/* Begin PBXGroup section */
		BD97443921C4684594755606 /* Frameworks */ = {
			isa = PBXGroup;
			children = (
				BD5A31A657C151D759867E81 /* Pods_Calculette_solde.framework */,
			);
			name = Frameworks;
			sourceTree = "<group>";
		};
		BEA76CA924812F0B000244BA = {
			isa = PBXGroup;
			children = (
				BEA76CB424812F0B000244BA /* Calculette solde */,
				BEA76CB324812F0B000244BA /* Products */,
				FAF7A620B092E17C94B0109C /* Pods */,
				BD97443921C4684594755606 /* Frameworks */,
			);
			sourceTree = "<group>";
		};
		BEA76CB324812F0B000244BA /* Products */ = {
			isa = PBXGroup;
			children = (
				BEA76CB224812F0B000244BA /* Calculette solde.app */,
			);
			name = Products;
			sourceTree = "<group>";
		};
		BEA76CB424812F0B000244BA /* Calculette solde */ = {
			isa = PBXGroup;
			children = (
				BEA76CCB24813061000244BA /* Controleur */,
				BEA76CCA24812F2D000244BA /* Vue */,
				BEA76CC924812F24000244BA /* Modele */,
				BEA76CB524812F0B000244BA /* AppDelegate.swift */,
				BEA76CB724812F0B000244BA /* SceneDelegate.swift */,
				BEA76CBE24812F13000244BA /* Assets.xcassets */,
				BEA76CC024812F13000244BA /* LaunchScreen.storyboard */,
				BEA76CC324812F13000244BA /* Info.plist */,
			);
			path = "Calculette solde";
			sourceTree = "<group>";
		};
		BEA76CC924812F24000244BA /* Modele */ = {
			isa = PBXGroup;
			children = (
			);
			path = Modele;
			sourceTree = "<group>";
		};
		BEA76CCA24812F2D000244BA /* Vue */ = {
			isa = PBXGroup;
			children = (
				BEA76CB924812F0B000244BA /* ViewController.swift */,
				BEA674B52486EDEB00EC99B2 /* CustomCollectionViewCell.swift */,
				BEA76CBB24812F0B000244BA /* Main.storyboard */,
			);
			path = Vue;
			sourceTree = "<group>";
		};
		BEA76CCB24813061000244BA /* Controleur */ = {
			isa = PBXGroup;
			children = (
			);
			path = Controleur;
			sourceTree = "<group>";
		};
		FAF7A620B092E17C94B0109C /* Pods */ = {
			isa = PBXGroup;
			children = (
				9B6977597489A134979A52ED /* Pods-Calculette solde.debug.xcconfig */,
				1AAD6ED7263979C3C7C61B3E /* Pods-Calculette solde.release.xcconfig */,
			);
			path = Pods;
			sourceTree = "<group>";
		};
/* End PBXGroup section */

/* Begin PBXNativeTarget section */
		BEA76CB124812F0B000244BA /* Calculette solde */ = {
			isa = PBXNativeTarget;
			buildConfigurationList = BEA76CC624812F13000244BA /* Build configuration list for PBXNativeTarget "Calculette solde" */;
			buildPhases = (
				7B80332C1D24E4924EFC08AC /* [CP] Check Pods Manifest.lock */,
				BEA76CAE24812F0B000244BA /* Sources */,
				BEA76CAF24812F0B000244BA /* Frameworks */,
				BEA76CB024812F0B000244BA /* Resources */,
			);
			buildRules = (
			);
			dependencies = (
			);
			name = "Calculette solde";
			productName = "Calculette solde";
			productReference = BEA76CB224812F0B000244BA /* Calculette solde.app */;
			productType = "com.apple.product-type.application";
		};
/* End PBXNativeTarget section */

/* Begin PBXProject section */
		BEA76CAA24812F0B000244BA /* Project object */ = {
			isa = PBXProject;
			attributes = {
				LastSwiftUpdateCheck = 1130;
				LastUpgradeCheck = 1130;
				ORGANIZATIONNAME = "williams saadi";
				TargetAttributes = {
					BEA76CB124812F0B000244BA = {
						CreatedOnToolsVersion = 11.3.1;
					};
				};
			};
			buildConfigurationList = BEA76CAD24812F0B000244BA /* Build configuration list for PBXProject "Calculette solde" */;
			compatibilityVersion = "Xcode 9.3";
			developmentRegion = en;
			hasScannedForEncodings = 0;
			knownRegions = (
				en,
				Base,
			);
			mainGroup = BEA76CA924812F0B000244BA;
			productRefGroup = BEA76CB324812F0B000244BA /* Products */;
			projectDirPath = "";
			projectRoot = "";
			targets = (
				BEA76CB124812F0B000244BA /* Calculette solde */,
			);
		};
/* End PBXProject section */

/* Begin PBXResourcesBuildPhase section */
		BEA76CB024812F0B000244BA /* Resources */ = {
			isa = PBXResourcesBuildPhase;
			buildActionMask = 2147483647;
			files = (
				BEA76CC224812F13000244BA /* LaunchScreen.storyboard in Resources */,
				BEA76CBF24812F13000244BA /* Assets.xcassets in Resources */,
				BEA76CBD24812F0B000244BA /* Main.storyboard in Resources */,
			);
			runOnlyForDeploymentPostprocessing = 0;
		};
/* End PBXResourcesBuildPhase section */

/* Begin PBXShellScriptBuildPhase section */
		7B80332C1D24E4924EFC08AC /* [CP] Check Pods Manifest.lock */ = {
			isa = PBXShellScriptBuildPhase;
			buildActionMask = 2147483647;
			files = (
			);
			inputFileListPaths = (
			);
			inputPaths = (
				"${PODS_PODFILE_DIR_PATH}/Podfile.lock",
				"${PODS_ROOT}/Manifest.lock",
			);
			name = "[CP] Check Pods Manifest.lock";
			outputFileListPaths = (
			);
			outputPaths = (
				"$(DERIVED_FILE_DIR)/Pods-Calculette solde-checkManifestLockResult.txt",
			);
			runOnlyForDeploymentPostprocessing = 0;
			shellPath = /bin/sh;
			shellScript = "diff \"${PODS_PODFILE_DIR_PATH}/Podfile.lock\" \"${PODS_ROOT}/Manifest.lock\" > /dev/null\nif [ $? != 0 ] ; then\n    # print error to STDERR\n    echo \"error: The sandbox is not in sync with the Podfile.lock. Run 'pod install' or update your CocoaPods installation.\" >&2\n    exit 1\nfi\n# This output is used by Xcode 'outputs' to avoid re-running this script phase.\necho \"SUCCESS\" > \"${SCRIPT_OUTPUT_FILE_0}\"\n";
			showEnvVarsInLog = 0;
		};
/* End PBXShellScriptBuildPhase section */

/* Begin PBXSourcesBuildPhase section */
		BEA76CAE24812F0B000244BA /* Sources */ = {
			isa = PBXSourcesBuildPhase;
			buildActionMask = 2147483647;
			files = (
				BEA674B62486EDEB00EC99B2 /* CustomCollectionViewCell.swift in Sources */,
				BEA76CBA24812F0B000244BA /* ViewController.swift in Sources */,
				BEA76CB624812F0B000244BA /* AppDelegate.swift in Sources */,
				BEA76CB824812F0B000244BA /* SceneDelegate.swift in Sources */,
			);
			runOnlyForDeploymentPostprocessing = 0;
		};
/* End PBXSourcesBuildPhase section */

/* Begin PBXVariantGroup section */
		BEA76CBB24812F0B000244BA /* Main.storyboard */ = {
			isa = PBXVariantGroup;
			children = (
				BEA76CBC24812F0B000244BA /* Base */,
			);
			name = Main.storyboard;
			sourceTree = "<group>";
		};
		BEA76CC024812F13000244BA /* LaunchScreen.storyboard */ = {
			isa = PBXVariantGroup;
			children = (
				BEA76CC124812F13000244BA /* Base */,
			);
			name = LaunchScreen.storyboard;
			sourceTree = "<group>";
		};
/* End PBXVariantGroup section */

/* Begin XCBuildConfiguration section */
		BEA76CC424812F13000244BA /* Debug */ = {
			isa = XCBuildConfiguration;
			buildSettings = {
				ALWAYS_SEARCH_USER_PATHS = NO;
				CLANG_ANALYZER_NONNULL = YES;
				CLANG_ANALYZER_NUMBER_OBJECT_CONVERSION = YES_AGGRESSIVE;
				CLANG_CXX_LANGUAGE_STANDARD = "gnu++14";
				CLANG_CXX_LIBRARY = "libc++";
				CLANG_ENABLE_MODULES = YES;
				CLANG_ENABLE_OBJC_ARC = YES;
				CLANG_ENABLE_OBJC_WEAK = YES;
				CLANG_WARN_BLOCK_CAPTURE_AUTORELEASING = YES;
				CLANG_WARN_BOOL_CONVERSION = YES;
				CLANG_WARN_COMMA = YES;
				CLANG_WARN_CONSTANT_CONVERSION = YES;
				CLANG_WARN_DEPRECATED_OBJC_IMPLEMENTATIONS = YES;
				CLANG_WARN_DIRECT_OBJC_ISA_USAGE = YES_ERROR;
				CLANG_WARN_DOCUMENTATION_COMMENTS = YES;
				CLANG_WARN_EMPTY_BODY = YES;
				CLANG_WARN_ENUM_CONVERSION = YES;
				CLANG_WARN_INFINITE_RECURSION = YES;
				CLANG_WARN_INT_CONVERSION = YES;
				CLANG_WARN_NON_LITERAL_NULL_CONVERSION = YES;
				CLANG_WARN_OBJC_IMPLICIT_RETAIN_SELF = YES;
				CLANG_WARN_OBJC_LITERAL_CONVERSION = YES;
				CLANG_WARN_OBJC_ROOT_CLASS = YES_ERROR;
				CLANG_WARN_RANGE_LOOP_ANALYSIS = YES;
				CLANG_WARN_STRICT_PROTOTYPES = YES;
				CLANG_WARN_SUSPICIOUS_MOVE = YES;
				CLANG_WARN_UNGUARDED_AVAILABILITY = YES_AGGRESSIVE;
				CLANG_WARN_UNREACHABLE_CODE = YES;
				CLANG_WARN__DUPLICATE_METHOD_MATCH = YES;
				COPY_PHASE_STRIP = NO;
				DEBUG_INFORMATION_FORMAT = dwarf;
				ENABLE_STRICT_OBJC_MSGSEND = YES;
				ENABLE_TESTABILITY = YES;
				GCC_C_LANGUAGE_STANDARD = gnu11;
				GCC_DYNAMIC_NO_PIC = NO;
				GCC_NO_COMMON_BLOCKS = YES;
				GCC_OPTIMIZATION_LEVEL = 0;
				GCC_PREPROCESSOR_DEFINITIONS = (
					"DEBUG=1",
					"$(inherited)",
				);
				GCC_WARN_64_TO_32_BIT_CONVERSION = YES;
				GCC_WARN_ABOUT_RETURN_TYPE = YES_ERROR;
				GCC_WARN_UNDECLARED_SELECTOR = YES;
				GCC_WARN_UNINITIALIZED_AUTOS = YES_AGGRESSIVE;
				GCC_WARN_UNUSED_FUNCTION = YES;
				GCC_WARN_UNUSED_VARIABLE = YES;
				IPHONEOS_DEPLOYMENT_TARGET = 13.2;
				MTL_ENABLE_DEBUG_INFO = INCLUDE_SOURCE;
				MTL_FAST_MATH = YES;
				ONLY_ACTIVE_ARCH = YES;
				SDKROOT = iphoneos;
				SWIFT_ACTIVE_COMPILATION_CONDITIONS = DEBUG;
				SWIFT_OPTIMIZATION_LEVEL = "-Onone";
			};
			name = Debug;
		};
		BEA76CC524812F13000244BA /* Release */ = {
			isa = XCBuildConfiguration;
			buildSettings = {
				ALWAYS_SEARCH_USER_PATHS = NO;
				CLANG_ANALYZER_NONNULL = YES;
				CLANG_ANALYZER_NUMBER_OBJECT_CONVERSION = YES_AGGRESSIVE;
				CLANG_CXX_LANGUAGE_STANDARD = "gnu++14";
				CLANG_CXX_LIBRARY = "libc++";
				CLANG_ENABLE_MODULES = YES;
				CLANG_ENABLE_OBJC_ARC = YES;
				CLANG_ENABLE_OBJC_WEAK = YES;
				CLANG_WARN_BLOCK_CAPTURE_AUTORELEASING = YES;
				CLANG_WARN_BOOL_CONVERSION = YES;
				CLANG_WARN_COMMA = YES;
				CLANG_WARN_CONSTANT_CONVERSION = YES;
				CLANG_WARN_DEPRECATED_OBJC_IMPLEMENTATIONS = YES;
				CLANG_WARN_DIRECT_OBJC_ISA_USAGE = YES_ERROR;
				CLANG_WARN_DOCUMENTATION_COMMENTS = YES;
				CLANG_WARN_EMPTY_BODY = YES;
				CLANG_WARN_ENUM_CONVERSION = YES;
				CLANG_WARN_INFINITE_RECURSION = YES;
				CLANG_WARN_INT_CONVERSION = YES;
				CLANG_WARN_NON_LITERAL_NULL_CONVERSION = YES;
				CLANG_WARN_OBJC_IMPLICIT_RETAIN_SELF = YES;
				CLANG_WARN_OBJC_LITERAL_CONVERSION = YES;
				CLANG_WARN_OBJC_ROOT_CLASS = YES_ERROR;
				CLANG_WARN_RANGE_LOOP_ANALYSIS = YES;
				CLANG_WARN_STRICT_PROTOTYPES = YES;
				CLANG_WARN_SUSPICIOUS_MOVE = YES;
				CLANG_WARN_UNGUARDED_AVAILABILITY = YES_AGGRESSIVE;
				CLANG_WARN_UNREACHABLE_CODE = YES;
				CLANG_WARN__DUPLICATE_METHOD_MATCH = YES;
				COPY_PHASE_STRIP = NO;
				DEBUG_INFORMATION_FORMAT = "dwarf-with-dsym";
				ENABLE_NS_ASSERTIONS = NO;
				ENABLE_STRICT_OBJC_MSGSEND = YES;
				GCC_C_LANGUAGE_STANDARD = gnu11;
				GCC_NO_COMMON_BLOCKS = YES;
				GCC_WARN_64_TO_32_BIT_CONVERSION = YES;
				GCC_WARN_ABOUT_RETURN_TYPE = YES_ERROR;
				GCC_WARN_UNDECLARED_SELECTOR = YES;
				GCC_WARN_UNINITIALIZED_AUTOS = YES_AGGRESSIVE;
				GCC_WARN_UNUSED_FUNCTION = YES;
				GCC_WARN_UNUSED_VARIABLE = YES;
				IPHONEOS_DEPLOYMENT_TARGET = 13.2;
				MTL_ENABLE_DEBUG_INFO = NO;
				MTL_FAST_MATH = YES;
				SDKROOT = iphoneos;
				SWIFT_COMPILATION_MODE = wholemodule;
				SWIFT_OPTIMIZATION_LEVEL = "-O";
				VALIDATE_PRODUCT = YES;
			};
			name = Release;
		};
		BEA76CC724812F13000244BA /* Debug */ = {
			isa = XCBuildConfiguration;
			baseConfigurationReference = 9B6977597489A134979A52ED /* Pods-Calculette solde.debug.xcconfig */;
			buildSettings = {
				ASSETCATALOG_COMPILER_APPICON_NAME = AppIcon;
				CODE_SIGN_STYLE = Automatic;
				DEVELOPMENT_TEAM = JW5QDUDC7K;
				INFOPLIST_FILE = "Calculette solde/Info.plist";
				LD_RUNPATH_SEARCH_PATHS = (
					"$(inherited)",
					"@executable_path/Frameworks",
				);
				PRODUCT_BUNDLE_IDENTIFIER = "com.slideofdigital.Calculette-solde";
				PRODUCT_NAME = "$(TARGET_NAME)";
				SWIFT_VERSION = 5.0;
				TARGETED_DEVICE_FAMILY = "1,2";
			};
			name = Debug;
		};
		BEA76CC824812F13000244BA /* Release */ = {
			isa = XCBuildConfiguration;
			baseConfigurationReference = 1AAD6ED7263979C3C7C61B3E /* Pods-Calculette solde.release.xcconfig */;
			buildSettings = {
				ASSETCATALOG_COMPILER_APPICON_NAME = AppIcon;
				CODE_SIGN_STYLE = Automatic;
				DEVELOPMENT_TEAM = JW5QDUDC7K;
				INFOPLIST_FILE = "Calculette solde/Info.plist";
				LD_RUNPATH_SEARCH_PATHS = (
					"$(inherited)",
					"@executable_path/Frameworks",
				);
				PRODUCT_BUNDLE_IDENTIFIER = "com.slideofdigital.Calculette-solde";
				PRODUCT_NAME = "$(TARGET_NAME)";
				SWIFT_VERSION = 5.0;
				TARGETED_DEVICE_FAMILY = "1,2";
			};
			name = Release;
		};
/* End XCBuildConfiguration section */

/* Begin XCConfigurationList section */
		BEA76CAD24812F0B000244BA /* Build configuration list for PBXProject "Calculette solde" */ = {
			isa = XCConfigurationList;
			buildConfigurations = (
				BEA76CC424812F13000244BA /* Debug */,
				BEA76CC524812F13000244BA /* Release */,
			);
			defaultConfigurationIsVisible = 0;
			defaultConfigurationName = Release;
		};
		BEA76CC624812F13000244BA /* Build configuration list for PBXNativeTarget "Calculette solde" */ = {
			isa = XCConfigurationList;
			buildConfigurations = (
				BEA76CC724812F13000244BA /* Debug */,
				BEA76CC824812F13000244BA /* Release */,
			);
			defaultConfigurationIsVisible = 0;
			defaultConfigurationName = Release;
		};
/* End XCConfigurationList section */
	};
	rootObject = BEA76CAA24812F0B000244BA /* Project object */;
}
